
Microsoft Visual Studio Solution File, Format Version 12.00
# Visual Studio 15
VisualStudioVersion = 15.0.28307.902
MinimumVisualStudioVersion = 10.0.40219.1
Project("{9A19103F-16F7-4668-BE54-9A1E7A4F7556}") = "ContaApi", "ContaApi\ContaApi.csproj", "{15154EC1-30CD-476C-AFF8-A8FA64C0784D}"
EndProject
Project("{2150E333-8FDC-42A3-9474-1A3956D46DE8}") = "src", "src", "{69A78866-8685-4D5C-8083-6D10CD597012}"
EndProject
Project("{9A19103F-16F7-4668-BE54-9A1E7A4F7556}") = "Contas.Domain", "Conta.Domain\Contas.Domain.csproj", "{CBD56C1B-C444-44D3-B2A9-55483966480B}"
EndProject
Project("{FAE04EC0-301F-11D3-BF4B-00C04F79EFBC}") = "Contas.Data", "Contas.Data\Contas.Data.csproj", "{F24F358B-EEFE-4C4B-9C69-1A2C0E148794}"
EndProject
Project("{2150E333-8FDC-42A3-9474-1A3956D46DE8}") = "Testes", "Testes", "{9FB5BF31-ED03-4C97-98D2-35D1BE2CDB24}"
EndProject
Project("{FAE04EC0-301F-11D3-BF4B-00C04F79EFBC}") = "Teste", "Teste\Teste.csproj", "{456A2162-7904-40D3-A7D2-F8C38A96E972}"
EndProject
Project("{FAE04EC0-301F-11D3-BF4B-00C04F79EFBC}") = "Contas.Business", "Contas.Business\Contas.Business.csproj", "{70BC59EF-8674-4881-9989-A539FA4491E8}"
EndProject
Global
	GlobalSection(SolutionConfigurationPlatforms) = preSolution
		Debug|Any CPU = Debug|Any CPU
		Release|Any CPU = Release|Any CPU
	EndGlobalSection
	GlobalSection(ProjectConfigurationPlatforms) = postSolution
		{15154EC1-30CD-476C-AFF8-A8FA64C0784D}.Debug|Any CPU.ActiveCfg = Debug|Any CPU
		{15154EC1-30CD-476C-AFF8-A8FA64C0784D}.Debug|Any CPU.Build.0 = Debug|Any CPU
		{15154EC1-30CD-476C-AFF8-A8FA64C0784D}.Release|Any CPU.ActiveCfg = Release|Any CPU
		{15154EC1-30CD-476C-AFF8-A8FA64C0784D}.Release|Any CPU.Build.0 = Release|Any CPU
		{CBD56C1B-C444-44D3-B2A9-55483966480B}.Debug|Any CPU.ActiveCfg = Debug|Any CPU
		{CBD56C1B-C444-44D3-B2A9-55483966480B}.Debug|Any CPU.Build.0 = Debug|Any CPU
		{CBD56C1B-C444-44D3-B2A9-55483966480B}.Release|Any CPU.ActiveCfg = Release|Any CPU
		{CBD56C1B-C444-44D3-B2A9-55483966480B}.Release|Any CPU.Build.0 = Release|Any CPU
		{F24F358B-EEFE-4C4B-9C69-1A2C0E148794}.Debug|Any CPU.ActiveCfg = Debug|Any CPU
		{F24F358B-EEFE-4C4B-9C69-1A2C0E148794}.Debug|Any CPU.Build.0 = Debug|Any CPU
		{F24F358B-EEFE-4C4B-9C69-1A2C0E148794}.Release|Any CPU.ActiveCfg = Release|Any CPU
		{F24F358B-EEFE-4C4B-9C69-1A2C0E148794}.Release|Any CPU.Build.0 = Release|Any CPU
		{456A2162-7904-40D3-A7D2-F8C38A96E972}.Debug|Any CPU.ActiveCfg = Debug|Any CPU
		{456A2162-7904-40D3-A7D2-F8C38A96E972}.Debug|Any CPU.Build.0 = Debug|Any CPU
		{456A2162-7904-40D3-A7D2-F8C38A96E972}.Release|Any CPU.ActiveCfg = Release|Any CPU
		{456A2162-7904-40D3-A7D2-F8C38A96E972}.Release|Any CPU.Build.0 = Release|Any CPU
		{70BC59EF-8674-4881-9989-A539FA4491E8}.Debug|Any CPU.ActiveCfg = Debug|Any CPU
		{70BC59EF-8674-4881-9989-A539FA4491E8}.Debug|Any CPU.Build.0 = Debug|Any CPU
		{70BC59EF-8674-4881-9989-A539FA4491E8}.Release|Any CPU.ActiveCfg = Release|Any CPU
		{70BC59EF-8674-4881-9989-A539FA4491E8}.Release|Any CPU.Build.0 = Release|Any CPU
	EndGlobalSection
	GlobalSection(SolutionProperties) = preSolution
		HideSolutionNode = FALSE
	EndGlobalSection
	GlobalSection(NestedProjects) = preSolution
		{15154EC1-30CD-476C-AFF8-A8FA64C0784D} = {69A78866-8685-4D5C-8083-6D10CD597012}
		{CBD56C1B-C444-44D3-B2A9-55483966480B} = {69A78866-8685-4D5C-8083-6D10CD597012}
		{F24F358B-EEFE-4C4B-9C69-1A2C0E148794} = {69A78866-8685-4D5C-8083-6D10CD597012}
		{456A2162-7904-40D3-A7D2-F8C38A96E972} = {9FB5BF31-ED03-4C97-98D2-35D1BE2CDB24}
		{70BC59EF-8674-4881-9989-A539FA4491E8} = {69A78866-8685-4D5C-8083-6D10CD597012}
	EndGlobalSection
	GlobalSection(ExtensibilityGlobals) = postSolution
		SolutionGuid = {B54A2FEB-CAB8-4B0B-9E9D-6D449F87793A}
	EndGlobalSection
EndGlobal
